<?xml version="1.0" encoding="utf-8"?>
<Project ToolsVersion="4.0" xmlns="http://schemas.microsoft.com/developer/msbuild/2003">
  <ItemGroup>
    <Filter Include="shaders">
      <UniqueIdentifier>{0F45D591-7B24-542D-843C-DF03F09ABA8E}</UniqueIdentifier>
    </Filter>
    <Filter Include="src">
      <UniqueIdentifier>{2DAB880B-99B4-887C-2230-9F7C8E38947C}</UniqueIdentifier>
    </Filter>
    <Filter Include="src\error_handling">
      <UniqueIdentifier>{AA5CDDF6-9640-9E4C-FFA0-989FEBA388CE}</UniqueIdentifier>
    </Filter>
    <Filter Include="src\graphics">
      <UniqueIdentifier>{2DF282EC-1955-1291-C2DA-4A47AE1CDE13}</UniqueIdentifier>
    </Filter>
    <Filter Include="src\graphics\Bindables">
      <UniqueIdentifier>{C03E88BC-AC38-B10E-95A5-471F813E177B}</UniqueIdentifier>
    </Filter>
    <Filter Include="src\graphics\Drawables">
      <UniqueIdentifier>{D18A6E37-BD84-9789-A6F1-2D9A928AFDF5}</UniqueIdentifier>
    </Filter>
    <Filter Include="src\graphics\Drawables\primitives">
      <UniqueIdentifier>{2C28ABE8-9896-0068-E17F-BB674D2DF603}</UniqueIdentifier>
    </Filter>
    <Filter Include="src\imgui">
      <UniqueIdentifier>{57A665B5-C310-1A2C-0C4F-CBD178F8F780}</UniqueIdentifier>
    </Filter>
    <Filter Include="src\macros">
      <UniqueIdentifier>{A1B0936A-8D68-D5B7-F66F-AE13E24670A8}</UniqueIdentifier>
    </Filter>
    <Filter Include="src\window">
      <UniqueIdentifier>{94D77D82-808F-BFCF-E996-982BD56D5AC0}</UniqueIdentifier>
    </Filter>
  </ItemGroup>
  <ItemGroup>
    <ClInclude Include="src\App.h">
      <Filter>src</Filter>
    </ClInclude>
    <ClInclude Include="src\error_handling\DXGetErrorDescription.inl">
      <Filter>src\error_handling</Filter>
    </ClInclude>
    <ClInclude Include="src\error_handling\DXGetErrorString.inl">
      <Filter>src\error_handling</Filter>
    </ClInclude>
    <ClInclude Include="src\error_handling\DXTrace.inl">
      <Filter>src\error_handling</Filter>
    </ClInclude>
    <ClInclude Include="src\error_handling\DxgiInfoManager.h">
      <Filter>src\error_handling</Filter>
    </ClInclude>
    <ClInclude Include="src\error_handling\WhalenException.h">
      <Filter>src\error_handling</Filter>
    </ClInclude>
    <ClInclude Include="src\error_handling\WhalenTimer.h">
      <Filter>src\error_handling</Filter>
    </ClInclude>
    <ClInclude Include="src\error_handling\dxerr.h">
      <Filter>src\error_handling</Filter>
    </ClInclude>
    <ClInclude Include="src\graphics\Bindables\Bindable.h">
      <Filter>src\graphics\Bindables</Filter>
    </ClInclude>
    <ClInclude Include="src\graphics\Bindables\BindableBase.h">
      <Filter>src\graphics\Bindables</Filter>
    </ClInclude>
    <ClInclude Include="src\graphics\Bindables\ConstantBuffers.h">
      <Filter>src\graphics\Bindables</Filter>
    </ClInclude>
    <ClInclude Include="src\graphics\Bindables\IndexBuffer.h">
      <Filter>src\graphics\Bindables</Filter>
    </ClInclude>
    <ClInclude Include="src\graphics\Bindables\InputLayout.h">
      <Filter>src\graphics\Bindables</Filter>
    </ClInclude>
    <ClInclude Include="src\graphics\Bindables\PixelShader.h">
      <Filter>src\graphics\Bindables</Filter>
    </ClInclude>
    <ClInclude Include="src\graphics\Bindables\Sampler.h">
      <Filter>src\graphics\Bindables</Filter>
    </ClInclude>
    <ClInclude Include="src\graphics\Bindables\Texture.h">
      <Filter>src\graphics\Bindables</Filter>
    </ClInclude>
    <ClInclude Include="src\graphics\Bindables\Topology.h">
      <Filter>src\graphics\Bindables</Filter>
    </ClInclude>
    <ClInclude Include="src\graphics\Bindables\TransformCbuf.h">
      <Filter>src\graphics\Bindables</Filter>
    </ClInclude>
    <ClInclude Include="src\graphics\Bindables\VertexBuffer.h">
      <Filter>src\graphics\Bindables</Filter>
    </ClInclude>
    <ClInclude Include="src\graphics\Bindables\VertexShader.h">
      <Filter>src\graphics\Bindables</Filter>
    </ClInclude>
    <ClInclude Include="src\graphics\Drawables\Box.h">
      <Filter>src\graphics\Drawables</Filter>
    </ClInclude>
    <ClInclude Include="src\graphics\Drawables\Drawable.h">
      <Filter>src\graphics\Drawables</Filter>
    </ClInclude>
    <ClInclude Include="src\graphics\Drawables\DrawableBase.h">
      <Filter>src\graphics\Drawables</Filter>
    </ClInclude>
    <ClInclude Include="src\graphics\Drawables\Melon.h">
      <Filter>src\graphics\Drawables</Filter>
    </ClInclude>
    <ClInclude Include="src\graphics\Drawables\Pyramid.h">
      <Filter>src\graphics\Drawables</Filter>
    </ClInclude>
    <ClInclude Include="src\graphics\Drawables\Sheet.h">
      <Filter>src\graphics\Drawables</Filter>
    </ClInclude>
    <ClInclude Include="src\graphics\Drawables\primitives\Cone.h">
      <Filter>src\graphics\Drawables\primitives</Filter>
    </ClInclude>
    <ClInclude Include="src\graphics\Drawables\primitives\Cube.h">
      <Filter>src\graphics\Drawables\primitives</Filter>
    </ClInclude>
    <ClInclude Include="src\graphics\Drawables\primitives\IndexedTriangleList.h">
      <Filter>src\graphics\Drawables\primitives</Filter>
    </ClInclude>
    <ClInclude Include="src\graphics\Drawables\primitives\Plane.h">
      <Filter>src\graphics\Drawables\primitives</Filter>
    </ClInclude>
    <ClInclude Include="src\graphics\Drawables\primitives\Prism.h">
      <Filter>src\graphics\Drawables\primitives</Filter>
    </ClInclude>
    <ClInclude Include="src\graphics\Drawables\primitives\Sphere.h">
      <Filter>src\graphics\Drawables\primitives</Filter>
    </ClInclude>
    <ClInclude Include="src\graphics\GDIPlusManager.h">
      <Filter>src\graphics</Filter>
    </ClInclude>
    <ClInclude Include="src\graphics\Graphics.h">
      <Filter>src\graphics</Filter>
    </ClInclude>
    <ClInclude Include="src\graphics\Surface.h">
      <Filter>src\graphics</Filter>
    </ClInclude>
    <ClInclude Include="src\graphics\WhalenMath.h">
      <Filter>src\graphics</Filter>
    </ClInclude>
    <ClInclude Include="src\imgui\imconfig.h">
      <Filter>src\imgui</Filter>
    </ClInclude>
    <ClInclude Include="src\imgui\imgui.h">
      <Filter>src\imgui</Filter>
    </ClInclude>
    <ClInclude Include="src\imgui\imgui_impl_dx11.h">
      <Filter>src\imgui</Filter>
    </ClInclude>
    <ClInclude Include="src\imgui\imgui_impl_win32.h">
      <Filter>src\imgui</Filter>
    </ClInclude>
    <ClInclude Include="src\imgui\imgui_internal.h">
      <Filter>src\imgui</Filter>
    </ClInclude>
    <ClInclude Include="src\imgui\imstb_rectpack.h">
      <Filter>src\imgui</Filter>
    </ClInclude>
    <ClInclude Include="src\imgui\imstb_textedit.h">
      <Filter>src\imgui</Filter>
    </ClInclude>
    <ClInclude Include="src\imgui\imstb_truetype.h">
      <Filter>src\imgui</Filter>
    </ClInclude>
    <ClInclude Include="src\macros\GraphicsExceptionMacros.h">
      <Filter>src\macros</Filter>
    </ClInclude>
    <ClInclude Include="src\macros\WindowsExceptionMacros.h">
      <Filter>src\macros</Filter>
    </ClInclude>
    <ClInclude Include="src\window\Keyboard.h">
      <Filter>src\window</Filter>
    </ClInclude>
    <ClInclude Include="src\window\Mouse.h">
      <Filter>src\window</Filter>
    </ClInclude>
    <ClInclude Include="src\window\WhalenWin.h">
      <Filter>src\window</Filter>
    </ClInclude>
    <ClInclude Include="src\window\Window.h">
      <Filter>src\window</Filter>
    </ClInclude>
    <ClInclude Include="src\imgui\ImguiManager.h" />
  </ItemGroup>
  <ItemGroup>
    <ClCompile Include="src\App.cpp">
      <Filter>src</Filter>
    </ClCompile>
    <ClCompile Include="src\WinMain.cpp">
      <Filter>src</Filter>
    </ClCompile>
    <ClCompile Include="src\error_handling\DxgiInfoManager.cpp">
      <Filter>src\error_handling</Filter>
    </ClCompile>
    <ClCompile Include="src\error_handling\WhalenException.cpp">
      <Filter>src\error_handling</Filter>
    </ClCompile>
    <ClCompile Include="src\error_handling\WhalenTimer.cpp">
      <Filter>src\error_handling</Filter>
    </ClCompile>
    <ClCompile Include="src\error_handling\dxerr.cpp">
      <Filter>src\error_handling</Filter>
    </ClCompile>
    <ClCompile Include="src\graphics\Bindables\Bindable.cpp">
      <Filter>src\graphics\Bindables</Filter>
    </ClCompile>
    <ClCompile Include="src\graphics\Bindables\IndexBuffer.cpp">
      <Filter>src\graphics\Bindables</Filter>
    </ClCompile>
    <ClCompile Include="src\graphics\Bindables\InputLayout.cpp">
      <Filter>src\graphics\Bindables</Filter>
    </ClCompile>
    <ClCompile Include="src\graphics\Bindables\PixelShader.cpp">
      <Filter>src\graphics\Bindables</Filter>
    </ClCompile>
    <ClCompile Include="src\graphics\Bindables\Sampler.cpp">
      <Filter>src\graphics\Bindables</Filter>
    </ClCompile>
    <ClCompile Include="src\graphics\Bindables\Texture.cpp">
      <Filter>src\graphics\Bindables</Filter>
    </ClCompile>
    <ClCompile Include="src\graphics\Bindables\Topology.cpp">
      <Filter>src\graphics\Bindables</Filter>
    </ClCompile>
    <ClCompile Include="src\graphics\Bindables\TransformCbuf.cpp">
      <Filter>src\graphics\Bindables</Filter>
    </ClCompile>
    <ClCompile Include="src\graphics\Bindables\VertexBuffer.cpp">
      <Filter>src\graphics\Bindables</Filter>
    </ClCompile>
    <ClCompile Include="src\graphics\Bindables\VertexShader.cpp">
      <Filter>src\graphics\Bindables</Filter>
    </ClCompile>
    <ClCompile Include="src\graphics\Drawables\Box.cpp">
      <Filter>src\graphics\Drawables</Filter>
    </ClCompile>
    <ClCompile Include="src\graphics\Drawables\Drawable.cpp">
      <Filter>src\graphics\Drawables</Filter>
    </ClCompile>
    <ClCompile Include="src\graphics\Drawables\Melon.cpp">
      <Filter>src\graphics\Drawables</Filter>
    </ClCompile>
    <ClCompile Include="src\graphics\Drawables\Pyramid.cpp">
      <Filter>src\graphics\Drawables</Filter>
    </ClCompile>
    <ClCompile Include="src\graphics\Drawables\Sheet.cpp">
      <Filter>src\graphics\Drawables</Filter>
    </ClCompile>
    <ClCompile Include="src\graphics\GDIPlusManager.cpp">
      <Filter>src\graphics</Filter>
    </ClCompile>
    <ClCompile Include="src\graphics\Graphics.cpp">
      <Filter>src\graphics</Filter>
    </ClCompile>
    <ClCompile Include="src\graphics\Surface.cpp">
      <Filter>src\graphics</Filter>
    </ClCompile>
    <ClCompile Include="src\imgui\imgui.cpp">
      <Filter>src\imgui</Filter>
    </ClCompile>
    <ClCompile Include="src\imgui\imgui_demo.cpp">
      <Filter>src\imgui</Filter>
    </ClCompile>
    <ClCompile Include="src\imgui\imgui_draw.cpp">
      <Filter>src\imgui</Filter>
    </ClCompile>
    <ClCompile Include="src\imgui\imgui_impl_dx11.cpp">
      <Filter>src\imgui</Filter>
    </ClCompile>
    <ClCompile Include="src\imgui\imgui_impl_win32.cpp">
      <Filter>src\imgui</Filter>
    </ClCompile>
    <ClCompile Include="src\imgui\imgui_tables.cpp">
      <Filter>src\imgui</Filter>
    </ClCompile>
    <ClCompile Include="src\imgui\imgui_widgets.cpp">
      <Filter>src\imgui</Filter>
    </ClCompile>
    <ClCompile Include="src\window\Keyboard.cpp">
      <Filter>src\window</Filter>
    </ClCompile>
    <ClCompile Include="src\window\Mouse.cpp">
      <Filter>src\window</Filter>
    </ClCompile>
    <ClCompile Include="src\window\Window.cpp">
      <Filter>src\window</Filter>
    </ClCompile>
    <ClCompile Include="src\imgui\ImguiManager.cpp" />
  </ItemGroup>
  <ItemGroup>
    <FxCompile Include="shaders\ColorBlend_ps.hlsl">
      <Filter>shaders</Filter>
    </FxCompile>
    <FxCompile Include="shaders\ColorBlend_vs.hlsl">
      <Filter>shaders</Filter>
    </FxCompile>
    <FxCompile Include="shaders\ColorIndex_ps.hlsl">
      <Filter>shaders</Filter>
    </FxCompile>
    <FxCompile Include="shaders\ColorIndex_vs.hlsl">
      <Filter>shaders</Filter>
    </FxCompile>
    <FxCompile Include="shaders\Texture_ps.hlsl">
      <Filter>shaders</Filter>
    </FxCompile>
    <FxCompile Include="shaders\Texture_vs.hlsl">
      <Filter>shaders</Filter>
    </FxCompile>
  </ItemGroup>
</Project>